<?xml version="1.0" encoding="utf-8"?>
<Project ToolsVersion="4.0" xmlns="http://schemas.microsoft.com/developer/msbuild/2003">
  <ItemGroup>
    <ClCompile Include="ArrowScript.cpp" />
    <ClCompile Include="Audio_Button.cpp" />
    <ClCompile Include="BreakableObject.cpp" />
    <ClCompile Include="CameraEnterExit.cpp" />
    <ClCompile Include="CameraLimits.cpp" />
    <ClCompile Include="CameraMovement.cpp" />
    <ClCompile Include="Leshen.cpp" />
    <ClCompile Include="CheckPoint.cpp" />
    <ClCompile Include="CheckPoints_Manager.cpp" />
    <ClCompile Include="Ghoul.cpp" />
    <ClCompile Include="PlayerManager.cpp" />
    <ClCompile Include="Check_EndMenu.cpp" />
    <ClCompile Include="DebugManager.cpp" />
    <ClCompile Include="DialogueManager.cpp" />
    <ClCompile Include="DialogueTriggerSimple.cpp" />
    <ClCompile Include="Effect.cpp" />
    <ClCompile Include="ExplodeChildren.cpp" />
    <ClCompile Include="Extra_Menus.cpp" />
    <ClCompile Include="Floating.cpp" />
    <ClCompile Include="GameManager.cpp" />
    <ClCompile Include="InGame_UI.cpp" />
    <ClCompile Include="MainMenu_Buttons.cpp" />
    <ClCompile Include="PauseMenu_Buttons.cpp" />
    <ClCompile Include="Enemy.cpp" />
    <ClCompile Include="EnemyManager.cpp" />
    <ClCompile Include="EventManager.cpp" />
    <ClCompile Include="NilfgaardSoldier.cpp" />
    <ClCompile Include="PlayerAttacks.cpp" />
    <ClCompile Include="RelicBehaviour.cpp" />
    <ClCompile Include="Relic_Notification.cpp" />
    <ClCompile Include="RelicManager.cpp" />
    <ClCompile Include="ReverbZone.cpp" />
    <ClCompile Include="PlayerController.cpp" />
    <ClCompile Include="Macros\dllmain.cpp" />
    <ClCompile Include="RockFall.cpp" />
    <ClCompile Include="Stat.cpp" />
    <ClCompile Include="Subtitle.cpp" />
    <ClCompile Include="TeleportLevel.cpp" />
    <ClCompile Include="TriggerMusicInteractive.cpp" />
    <ClCompile Include="Trigger_Win.cpp" />
    <ClCompile Include="UI_Char_Frame.cpp" />
    <ClCompile Include="UI_EndMenu.cpp" />
    <ClCompile Include="UltiBar.cpp" />
    <ClCompile Include="TriggerAudioEvent.cpp" />
    <ClCompile Include="TriggerCamera.cpp" />
    <ClCompile Include="TriggerEnvironment.cpp" />
    <ClCompile Include="TriggerFootsteps.cpp" />
    <ClCompile Include="Win_lose_menu.cpp" />
    <ClCompile Include="RootLeshen.cpp" />
  </ItemGroup>
  <ItemGroup>
    <ClInclude Include="ArrowScript.h" />
    <ClInclude Include="Audio_Button.h" />
    <ClInclude Include="BreakableObject.h" />
    <ClInclude Include="CameraEnterExit.h" />
    <ClInclude Include="CameraLimits.h" />
    <ClInclude Include="CameraMovement.h" />
    <ClInclude Include="Leshen.h" />
    <ClInclude Include="CheckPoint.h" />
    <ClInclude Include="CheckPoints_Manager.h" />
    <ClInclude Include="Ghoul.h" />
    <ClInclude Include="PlayerManager.h" />
    <ClInclude Include="Check_EndMenu.h" />
    <ClInclude Include="DebugManager.h" />
    <ClInclude Include="DialogueManager.h" />
    <ClInclude Include="DialogueTriggerSimple.h" />
    <ClInclude Include="Effect.h" />
    <ClInclude Include="ExplodeChildren.h" />
    <ClInclude Include="Extra_Menus.h" />
    <ClInclude Include="Enemy.h" />
    <ClInclude Include="EnemyManager.h" />
    <ClInclude Include="EffectsFunctions.h" />
    <ClInclude Include="EventManager.h" />
    <ClInclude Include="Floating.h" />
    <ClInclude Include="GameManager.h" />
    <ClInclude Include="InGame_UI.h" />
    <ClInclude Include="MainMenu_Buttons.h" />
    <ClInclude Include="PauseMenu_Buttons.h" />
    <ClInclude Include="NilfgaardSoldier.h" />
    <ClInclude Include="PlayerAttacks.h" />
    <ClInclude Include="RelicBehaviour.h" />
    <ClInclude Include="Relic_Notification.h" />
    <ClInclude Include="RelicManager.h" />
    <ClInclude Include="ReverbZone.h" />
    <ClInclude Include="PlayerController.h" />
    <ClInclude Include="Macros\AlienScripts.h" />
    <ClInclude Include="RockFall.h" />
    <ClInclude Include="Stat.h" />
    <ClInclude Include="Subtitle.h" />
    <ClInclude Include="TeleportLevel.h" />
    <ClInclude Include="TriggerMusicInteractive.h" />
    <ClInclude Include="Trigger_Win.h" />
    <ClInclude Include="UI_Char_Frame.h" />
    <ClInclude Include="UI_EndMenu.h" />
    <ClInclude Include="UltiBar.h" />
    <ClInclude Include="TriggerAudioEvent.h" />
    <ClInclude Include="TriggerCamera.h" />
    <ClInclude Include="TriggerEnvironment.h" />
    <ClInclude Include="TriggerFootsteps.h" />
    <ClInclude Include="Win_lose_menu.h" />
    <ClInclude Include="RootLeshen.h" />
  </ItemGroup>
</Project>