<?xml version="1.0" encoding="utf-8"?>
<Project ToolsVersion="4.0" xmlns="http://schemas.microsoft.com/developer/msbuild/2003">
  <ItemGroup>
    <ClCompile Include="CameraEnterExit.cpp" />
    <ClCompile Include="CameraMovement.cpp" />
    <ClCompile Include="PlayerAttacks.cpp" />
    <ClCompile Include="PlayerTest.cpp" />
    <ClCompile Include="ReverbZone.cpp" />
    <ClCompile Include="PlayerController.cpp" />
    <ClCompile Include="Macros\dllmain.cpp" />
    <ClCompile Include="TriggerCamera.cpp" />
    <ClCompile Include="TriggerEnvironment.cpp" />
    <ClCompile Include="TriggerFootsteps.cpp" />
    <ClCompile Include="TriggerAudioEvent.cpp" />
  </ItemGroup>
  <ItemGroup>
    <ClInclude Include="CameraEnterExit.h" />
    <ClInclude Include="CameraMovement.h" />
    <ClInclude Include="PlayerAttacks.h" />
    <ClInclude Include="PlayerTest.h" />
    <ClInclude Include="ReverbZone.h" />
    <ClInclude Include="PlayerController.h" />
    <ClInclude Include="Macros\AlienScripts.h" />
    <ClInclude Include="TriggerCamera.h" />
    <ClInclude Include="TriggerEnvironment.h" />
    <ClInclude Include="TriggerFootsteps.h" />
    <ClInclude Include="TriggerAudioEvent.h" />
  </ItemGroup>
</Project>