<?xml version="1.0" encoding="utf-8"?>
<Project ToolsVersion="4.0" xmlns="http://schemas.microsoft.com/developer/msbuild/2003">
  <ItemGroup>
    <ClCompile Include="CameraEnterExit.cpp">
      <Filter>Scripts</Filter>
    </ClCompile>
    <ClCompile Include="CameraMovement.cpp">
      <Filter>Scripts</Filter>
    </ClCompile>
    <ClCompile Include="Macros\dllmain.cpp">
      <Filter>Scripts</Filter>
    </ClCompile>
    <ClCompile Include="PlayerAttacks.cpp">
      <Filter>Scripts</Filter>
    </ClCompile>
    <ClCompile Include="PlayerController.cpp">
      <Filter>Scripts</Filter>
    </ClCompile>
    <ClCompile Include="PlayerTest.cpp">
      <Filter>Scripts</Filter>
    </ClCompile>
    <ClCompile Include="ReverbZone.cpp">
      <Filter>Scripts</Filter>
    </ClCompile>
    <ClCompile Include="TriggerAudioEvent.cpp">
      <Filter>Scripts</Filter>
    </ClCompile>
    <ClCompile Include="TriggerCamera.cpp">
      <Filter>Scripts</Filter>
    </ClCompile>
    <ClCompile Include="TriggerEnvironment.cpp">
      <Filter>Scripts</Filter>
    </ClCompile>
    <ClCompile Include="TriggerFootsteps.cpp">
      <Filter>Scripts</Filter>
    </ClCompile>
    <ClCompile Include="UI_Char_Frame.cpp">
      <Filter>Scripts</Filter>
    </ClCompile>
    <ClCompile Include="UltiBar.cpp">
      <Filter>Scripts</Filter>
    </ClCompile>
    <ClCompile Include="Floating.cpp">
      <Filter>Scripts</Filter>
    </ClCompile>
    <ClCompile Include="MainMenu_Buttons.cpp">
      <Filter>Scripts</Filter>
    </ClCompile>
    <ClCompile Include="InGame_UI.cpp">
      <Filter>Scripts</Filter>
    </ClCompile>
    <ClCompile Include="PauseMenu_Buttons.cpp">
      <Filter>Scripts</Filter>
    </ClCompile>
    <ClCompile Include="RelicBehaviour.cpp">
      <Filter>Scripts</Filter>
    </ClCompile>
    <ClCompile Include="Effect.cpp">
      <Filter>Scripts</Filter>
    </ClCompile>
    <ClCompile Include="Extra_Menus.cpp">
      <Filter>Scripts</Filter>
    </ClCompile>
  </ItemGroup>
  <ItemGroup>
    <ClInclude Include="Macros\AlienScripts.h">
      <Filter>Scripts</Filter>
    </ClInclude>
    <ClInclude Include="CameraEnterExit.h">
      <Filter>Scripts</Filter>
    </ClInclude>
    <ClInclude Include="CameraMovement.h">
      <Filter>Scripts</Filter>
    </ClInclude>
    <ClInclude Include="PlayerAttacks.h">
      <Filter>Scripts</Filter>
    </ClInclude>
    <ClInclude Include="PlayerController.h">
      <Filter>Scripts</Filter>
    </ClInclude>
    <ClInclude Include="PlayerTest.h">
      <Filter>Scripts</Filter>
    </ClInclude>
    <ClInclude Include="ReverbZone.h">
      <Filter>Scripts</Filter>
    </ClInclude>
    <ClInclude Include="TriggerAudioEvent.h">
      <Filter>Scripts</Filter>
    </ClInclude>
    <ClInclude Include="TriggerCamera.h">
      <Filter>Scripts</Filter>
    </ClInclude>
    <ClInclude Include="TriggerEnvironment.h">
      <Filter>Scripts</Filter>
    </ClInclude>
    <ClInclude Include="TriggerFootsteps.h">
      <Filter>Scripts</Filter>
    </ClInclude>
    <ClInclude Include="UI_Char_Frame.h">
      <Filter>Scripts</Filter>
    </ClInclude>
    <ClInclude Include="UltiBar.h">
      <Filter>Scripts</Filter>
    </ClInclude>
    <ClInclude Include="Floating.h">
      <Filter>Scripts</Filter>
    </ClInclude>
    <ClInclude Include="MainMenu_Buttons.h">
      <Filter>Scripts</Filter>
    </ClInclude>
    <ClInclude Include="InGame_UI.h">
      <Filter>Scripts</Filter>
    </ClInclude>
    <ClInclude Include="PauseMenu_Buttons.h">
      <Filter>Scripts</Filter>
    </ClInclude>
    <ClInclude Include="RelicBehaviour.h">
      <Filter>Scripts</Filter>
    </ClInclude>
    <ClInclude Include="Effect.h">
      <Filter>Scripts</Filter>
    </ClInclude>
    <ClInclude Include="Extra_Menus.h">
      <Filter>Scripts</Filter>
    </ClInclude>
  </ItemGroup>
  <ItemGroup>
    <Filter Include="Scripts">
      <UniqueIdentifier>{ae9fbada-59b1-4468-ae23-1178230c3445}</UniqueIdentifier>
    </Filter>
  </ItemGroup>
</Project>